PODS:
  - Alamofire (4.4.0)
  - CocoaAsyncSocket (7.6.0)
  - NetUtils (3.0.1)
  - PKHUD (4.2.0)
  - PromiseKit (4.1.7):
    - PromiseKit/Foundation (= 4.1.7)
    - PromiseKit/QuartzCore (= 4.1.7)
    - PromiseKit/UIKit (= 4.1.7)
  - PromiseKit/Alamofire (4.1.7):
    - Alamofire (~> 4.0)
    - PromiseKit/CorePromise
  - PromiseKit/CorePromise (4.1.7)
  - PromiseKit/Foundation (4.1.7):
    - PromiseKit/CorePromise
  - PromiseKit/QuartzCore (4.1.7):
    - PromiseKit/CorePromise
  - PromiseKit/UIKit (4.1.7):
    - PromiseKit/CorePromise
  - SwiftyJSON (3.1.4)
  - XCGLogger (4.0.0):
    - XCGLogger/Core (= 4.0.0)
  - XCGLogger/Core (4.0.0)

DEPENDENCIES:
  - Alamofire
  - CocoaAsyncSocket
  - NetUtils
  - PKHUD
  - PromiseKit
  - PromiseKit/Alamofire (~> 4.0)
  - SwiftyJSON
  - XCGLogger

SPEC CHECKSUMS:
  Alamofire: dc44b1600b800eb63da6a19039a0083d62a6a62d
  CocoaAsyncSocket: b9d5589f07baf9de8f34cc25abd4fcba28f13805
  NetUtils: 021706850ae10109c593366758b20c2dfd16d6b2
  PKHUD: 48af884cf00c2213b0313b739d914e6cab1c0f5e
  PromiseKit: 779f2e41faf62d854e7593026ddbcb0bb5c5002d
  SwiftyJSON: c2842d878f95482ffceec5709abc3d05680c0220
  XCGLogger: 38063ea89b4c8b23232d18efd2e12eb0005f3ea4

PODFILE CHECKSUM: 892fc9adcc8860efa3cfccde7a57fe56bce14997

COCOAPODS: 1.2.0.rc.1
